
Microsoft Visual Studio Solution File, Format Version 12.00
# Visual Studio 15
Project("{FAE04EC0-301F-11D3-BF4B-00C04F79EFBC}") = "DataBaseViewer", "DataBaseViewer\DataBaseViewer.csproj", "{D39A5E22-9DC8-4D1D-AE38-6EA0ED44461B}"
EndProject
Global
	GlobalSection(SolutionConfigurationPlatforms) = preSolution
		Debug|Any CPU = Debug|Any CPU
		Release|Any CPU = Release|Any CPU
	EndGlobalSection
	GlobalSection(ProjectConfigurationPlatforms) = postSolution
		{D39A5E22-9DC8-4D1D-AE38-6EA0ED44461B}.Debug|Any CPU.ActiveCfg = Debug|Any CPU
		{D39A5E22-9DC8-4D1D-AE38-6EA0ED44461B}.Debug|Any CPU.Build.0 = Debug|Any CPU
		{D39A5E22-9DC8-4D1D-AE38-6EA0ED44461B}.Release|Any CPU.ActiveCfg = Release|Any CPU
		{D39A5E22-9DC8-4D1D-AE38-6EA0ED44461B}.Release|Any CPU.Build.0 = Release|Any CPU
	EndGlobalSection
EndGlobal
